
Microsoft Visual Studio Solution File, Format Version 12.00
# Visual Studio 15
VisualStudioVersion = 15.0.26124.0
MinimumVisualStudioVersion = 15.0.26124.0
Project("{FAE04EC0-301F-11D3-BF4B-00C04F79EFBC}") = "Vacuum.Core", "src\Vacuum.Core\Vacuum.Core.csproj", "{04974B70-9070-4E0B-8562-F0D1BC64DEAC}"
EndProject
Project("{2150E333-8FDC-42A3-9474-1A3956D46DE8}") = "src", "src", "{9E022950-E9F2-11E9-B8DA-2BAC7888803B}"
EndProject
Project("{2150E333-8FDC-42A3-9474-1A3956D46DE8}") = "test", "test", "{A15FFA50-E9F2-11E9-B8DA-2BAC7888803B}"
EndProject
Project("{2150E333-8FDC-42A3-9474-1A3956D46DE8}") = "app", "app", "{A5A6F2D0-E9F2-11E9-B8DA-2BAC7888803B}"
EndProject
Project("{FAE04EC0-301F-11D3-BF4B-00C04F79EFBC}") = "Vacuum.Core.Tests", "Vacuum.Core.Tests\Vacuum.Core.Tests.csproj", "{5A2AABF6-25E6-431A-9CDB-86C0B2947B66}"
EndProject
Project("{FAE04EC0-301F-11D3-BF4B-00C04F79EFBC}") = "Vacuum.Domain", "src\Vacuum.Domain\Vacuum.Domain.csproj", "{83222257-B08E-44F4-9B91-3AE397D33DEB}"
EndProject
Project("{FAE04EC0-301F-11D3-BF4B-00C04F79EFBC}") = "Vacuum.Services", "src\Vacuum.Services\Vacuum.Services.csproj", "{7C1CD142-7A18-4601-8631-6BC1E619B2C7}"
EndProject
Project("{FAE04EC0-301F-11D3-BF4B-00C04F79EFBC}") = "Vacuum.Controller", "app\Vacuum.Controller\Vacuum.Controller.csproj", "{AF4765A9-6D22-4D2C-B74F-1E45D2B0422C}"
EndProject
Project("{FAE04EC0-301F-11D3-BF4B-00C04F79EFBC}") = "Vacuum.Domain.Tests", "test\Vacuum.Domain.Tests\Vacuum.Domain.Tests.csproj", "{074B8777-11F3-4574-B22E-6ACCF25A8C76}"
EndProject
Project("{FAE04EC0-301F-11D3-BF4B-00C04F79EFBC}") = "Vacuum.Services.Tests", "test\Vacuum.Services.Tests\Vacuum.Services.Tests.csproj", "{DB08A1C5-D8B5-4D1D-9F01-835019636BC6}"
EndProject
Project("{FAE04EC0-301F-11D3-BF4B-00C04F79EFBC}") = "Vacuum.TestBase", "src\Vacuum.TestBase\Vacuum.TestBase.csproj", "{D24AE4B2-E76A-42F9-992B-C18E95A7DF21}"
EndProject
Global
	GlobalSection(SolutionConfigurationPlatforms) = preSolution
		Debug|Any CPU = Debug|Any CPU
		Debug|x64 = Debug|x64
		Debug|x86 = Debug|x86
		Release|Any CPU = Release|Any CPU
		Release|x64 = Release|x64
		Release|x86 = Release|x86
	EndGlobalSection
	GlobalSection(SolutionProperties) = preSolution
		HideSolutionNode = FALSE
	EndGlobalSection
	GlobalSection(ProjectConfigurationPlatforms) = postSolution
		{04974B70-9070-4E0B-8562-F0D1BC64DEAC}.Debug|Any CPU.ActiveCfg = Debug|Any CPU
		{04974B70-9070-4E0B-8562-F0D1BC64DEAC}.Debug|Any CPU.Build.0 = Debug|Any CPU
		{04974B70-9070-4E0B-8562-F0D1BC64DEAC}.Debug|x64.ActiveCfg = Debug|Any CPU
		{04974B70-9070-4E0B-8562-F0D1BC64DEAC}.Debug|x64.Build.0 = Debug|Any CPU
		{04974B70-9070-4E0B-8562-F0D1BC64DEAC}.Debug|x86.ActiveCfg = Debug|Any CPU
		{04974B70-9070-4E0B-8562-F0D1BC64DEAC}.Debug|x86.Build.0 = Debug|Any CPU
		{04974B70-9070-4E0B-8562-F0D1BC64DEAC}.Release|Any CPU.ActiveCfg = Release|Any CPU
		{04974B70-9070-4E0B-8562-F0D1BC64DEAC}.Release|Any CPU.Build.0 = Release|Any CPU
		{04974B70-9070-4E0B-8562-F0D1BC64DEAC}.Release|x64.ActiveCfg = Release|Any CPU
		{04974B70-9070-4E0B-8562-F0D1BC64DEAC}.Release|x64.Build.0 = Release|Any CPU
		{04974B70-9070-4E0B-8562-F0D1BC64DEAC}.Release|x86.ActiveCfg = Release|Any CPU
		{04974B70-9070-4E0B-8562-F0D1BC64DEAC}.Release|x86.Build.0 = Release|Any CPU
		{5A2AABF6-25E6-431A-9CDB-86C0B2947B66}.Debug|Any CPU.ActiveCfg = Debug|Any CPU
		{5A2AABF6-25E6-431A-9CDB-86C0B2947B66}.Debug|Any CPU.Build.0 = Debug|Any CPU
		{5A2AABF6-25E6-431A-9CDB-86C0B2947B66}.Debug|x64.ActiveCfg = Debug|Any CPU
		{5A2AABF6-25E6-431A-9CDB-86C0B2947B66}.Debug|x64.Build.0 = Debug|Any CPU
		{5A2AABF6-25E6-431A-9CDB-86C0B2947B66}.Debug|x86.ActiveCfg = Debug|Any CPU
		{5A2AABF6-25E6-431A-9CDB-86C0B2947B66}.Debug|x86.Build.0 = Debug|Any CPU
		{5A2AABF6-25E6-431A-9CDB-86C0B2947B66}.Release|Any CPU.ActiveCfg = Release|Any CPU
		{5A2AABF6-25E6-431A-9CDB-86C0B2947B66}.Release|Any CPU.Build.0 = Release|Any CPU
		{5A2AABF6-25E6-431A-9CDB-86C0B2947B66}.Release|x64.ActiveCfg = Release|Any CPU
		{5A2AABF6-25E6-431A-9CDB-86C0B2947B66}.Release|x64.Build.0 = Release|Any CPU
		{5A2AABF6-25E6-431A-9CDB-86C0B2947B66}.Release|x86.ActiveCfg = Release|Any CPU
		{5A2AABF6-25E6-431A-9CDB-86C0B2947B66}.Release|x86.Build.0 = Release|Any CPU
		{83222257-B08E-44F4-9B91-3AE397D33DEB}.Debug|Any CPU.ActiveCfg = Debug|Any CPU
		{83222257-B08E-44F4-9B91-3AE397D33DEB}.Debug|Any CPU.Build.0 = Debug|Any CPU
		{83222257-B08E-44F4-9B91-3AE397D33DEB}.Debug|x64.ActiveCfg = Debug|Any CPU
		{83222257-B08E-44F4-9B91-3AE397D33DEB}.Debug|x64.Build.0 = Debug|Any CPU
		{83222257-B08E-44F4-9B91-3AE397D33DEB}.Debug|x86.ActiveCfg = Debug|Any CPU
		{83222257-B08E-44F4-9B91-3AE397D33DEB}.Debug|x86.Build.0 = Debug|Any CPU
		{83222257-B08E-44F4-9B91-3AE397D33DEB}.Release|Any CPU.ActiveCfg = Release|Any CPU
		{83222257-B08E-44F4-9B91-3AE397D33DEB}.Release|Any CPU.Build.0 = Release|Any CPU
		{83222257-B08E-44F4-9B91-3AE397D33DEB}.Release|x64.ActiveCfg = Release|Any CPU
		{83222257-B08E-44F4-9B91-3AE397D33DEB}.Release|x64.Build.0 = Release|Any CPU
		{83222257-B08E-44F4-9B91-3AE397D33DEB}.Release|x86.ActiveCfg = Release|Any CPU
		{83222257-B08E-44F4-9B91-3AE397D33DEB}.Release|x86.Build.0 = Release|Any CPU
		{7C1CD142-7A18-4601-8631-6BC1E619B2C7}.Debug|Any CPU.ActiveCfg = Debug|Any CPU
		{7C1CD142-7A18-4601-8631-6BC1E619B2C7}.Debug|Any CPU.Build.0 = Debug|Any CPU
		{7C1CD142-7A18-4601-8631-6BC1E619B2C7}.Debug|x64.ActiveCfg = Debug|Any CPU
		{7C1CD142-7A18-4601-8631-6BC1E619B2C7}.Debug|x64.Build.0 = Debug|Any CPU
		{7C1CD142-7A18-4601-8631-6BC1E619B2C7}.Debug|x86.ActiveCfg = Debug|Any CPU
		{7C1CD142-7A18-4601-8631-6BC1E619B2C7}.Debug|x86.Build.0 = Debug|Any CPU
		{7C1CD142-7A18-4601-8631-6BC1E619B2C7}.Release|Any CPU.ActiveCfg = Release|Any CPU
		{7C1CD142-7A18-4601-8631-6BC1E619B2C7}.Release|Any CPU.Build.0 = Release|Any CPU
		{7C1CD142-7A18-4601-8631-6BC1E619B2C7}.Release|x64.ActiveCfg = Release|Any CPU
		{7C1CD142-7A18-4601-8631-6BC1E619B2C7}.Release|x64.Build.0 = Release|Any CPU
		{7C1CD142-7A18-4601-8631-6BC1E619B2C7}.Release|x86.ActiveCfg = Release|Any CPU
		{7C1CD142-7A18-4601-8631-6BC1E619B2C7}.Release|x86.Build.0 = Release|Any CPU
		{AF4765A9-6D22-4D2C-B74F-1E45D2B0422C}.Debug|Any CPU.ActiveCfg = Debug|Any CPU
		{AF4765A9-6D22-4D2C-B74F-1E45D2B0422C}.Debug|Any CPU.Build.0 = Debug|Any CPU
		{AF4765A9-6D22-4D2C-B74F-1E45D2B0422C}.Debug|x64.ActiveCfg = Debug|Any CPU
		{AF4765A9-6D22-4D2C-B74F-1E45D2B0422C}.Debug|x64.Build.0 = Debug|Any CPU
		{AF4765A9-6D22-4D2C-B74F-1E45D2B0422C}.Debug|x86.ActiveCfg = Debug|Any CPU
		{AF4765A9-6D22-4D2C-B74F-1E45D2B0422C}.Debug|x86.Build.0 = Debug|Any CPU
		{AF4765A9-6D22-4D2C-B74F-1E45D2B0422C}.Release|Any CPU.ActiveCfg = Release|Any CPU
		{AF4765A9-6D22-4D2C-B74F-1E45D2B0422C}.Release|Any CPU.Build.0 = Release|Any CPU
		{AF4765A9-6D22-4D2C-B74F-1E45D2B0422C}.Release|x64.ActiveCfg = Release|Any CPU
		{AF4765A9-6D22-4D2C-B74F-1E45D2B0422C}.Release|x64.Build.0 = Release|Any CPU
		{AF4765A9-6D22-4D2C-B74F-1E45D2B0422C}.Release|x86.ActiveCfg = Release|Any CPU
		{AF4765A9-6D22-4D2C-B74F-1E45D2B0422C}.Release|x86.Build.0 = Release|Any CPU
		{074B8777-11F3-4574-B22E-6ACCF25A8C76}.Debug|Any CPU.ActiveCfg = Debug|Any CPU
		{074B8777-11F3-4574-B22E-6ACCF25A8C76}.Debug|Any CPU.Build.0 = Debug|Any CPU
		{074B8777-11F3-4574-B22E-6ACCF25A8C76}.Debug|x64.ActiveCfg = Debug|Any CPU
		{074B8777-11F3-4574-B22E-6ACCF25A8C76}.Debug|x64.Build.0 = Debug|Any CPU
		{074B8777-11F3-4574-B22E-6ACCF25A8C76}.Debug|x86.ActiveCfg = Debug|Any CPU
		{074B8777-11F3-4574-B22E-6ACCF25A8C76}.Debug|x86.Build.0 = Debug|Any CPU
		{074B8777-11F3-4574-B22E-6ACCF25A8C76}.Release|Any CPU.ActiveCfg = Release|Any CPU
		{074B8777-11F3-4574-B22E-6ACCF25A8C76}.Release|Any CPU.Build.0 = Release|Any CPU
		{074B8777-11F3-4574-B22E-6ACCF25A8C76}.Release|x64.ActiveCfg = Release|Any CPU
		{074B8777-11F3-4574-B22E-6ACCF25A8C76}.Release|x64.Build.0 = Release|Any CPU
		{074B8777-11F3-4574-B22E-6ACCF25A8C76}.Release|x86.ActiveCfg = Release|Any CPU
		{074B8777-11F3-4574-B22E-6ACCF25A8C76}.Release|x86.Build.0 = Release|Any CPU
		{DB08A1C5-D8B5-4D1D-9F01-835019636BC6}.Debug|Any CPU.ActiveCfg = Debug|Any CPU
		{DB08A1C5-D8B5-4D1D-9F01-835019636BC6}.Debug|Any CPU.Build.0 = Debug|Any CPU
		{DB08A1C5-D8B5-4D1D-9F01-835019636BC6}.Debug|x64.ActiveCfg = Debug|Any CPU
		{DB08A1C5-D8B5-4D1D-9F01-835019636BC6}.Debug|x64.Build.0 = Debug|Any CPU
		{DB08A1C5-D8B5-4D1D-9F01-835019636BC6}.Debug|x86.ActiveCfg = Debug|Any CPU
		{DB08A1C5-D8B5-4D1D-9F01-835019636BC6}.Debug|x86.Build.0 = Debug|Any CPU
		{DB08A1C5-D8B5-4D1D-9F01-835019636BC6}.Release|Any CPU.ActiveCfg = Release|Any CPU
		{DB08A1C5-D8B5-4D1D-9F01-835019636BC6}.Release|Any CPU.Build.0 = Release|Any CPU
		{DB08A1C5-D8B5-4D1D-9F01-835019636BC6}.Release|x64.ActiveCfg = Release|Any CPU
		{DB08A1C5-D8B5-4D1D-9F01-835019636BC6}.Release|x64.Build.0 = Release|Any CPU
		{DB08A1C5-D8B5-4D1D-9F01-835019636BC6}.Release|x86.ActiveCfg = Release|Any CPU
		{DB08A1C5-D8B5-4D1D-9F01-835019636BC6}.Release|x86.Build.0 = Release|Any CPU
		{D24AE4B2-E76A-42F9-992B-C18E95A7DF21}.Debug|Any CPU.ActiveCfg = Debug|Any CPU
		{D24AE4B2-E76A-42F9-992B-C18E95A7DF21}.Debug|Any CPU.Build.0 = Debug|Any CPU
		{D24AE4B2-E76A-42F9-992B-C18E95A7DF21}.Debug|x64.ActiveCfg = Debug|Any CPU
		{D24AE4B2-E76A-42F9-992B-C18E95A7DF21}.Debug|x64.Build.0 = Debug|Any CPU
		{D24AE4B2-E76A-42F9-992B-C18E95A7DF21}.Debug|x86.ActiveCfg = Debug|Any CPU
		{D24AE4B2-E76A-42F9-992B-C18E95A7DF21}.Debug|x86.Build.0 = Debug|Any CPU
		{D24AE4B2-E76A-42F9-992B-C18E95A7DF21}.Release|Any CPU.ActiveCfg = Release|Any CPU
		{D24AE4B2-E76A-42F9-992B-C18E95A7DF21}.Release|Any CPU.Build.0 = Release|Any CPU
		{D24AE4B2-E76A-42F9-992B-C18E95A7DF21}.Release|x64.ActiveCfg = Release|Any CPU
		{D24AE4B2-E76A-42F9-992B-C18E95A7DF21}.Release|x64.Build.0 = Release|Any CPU
		{D24AE4B2-E76A-42F9-992B-C18E95A7DF21}.Release|x86.ActiveCfg = Release|Any CPU
		{D24AE4B2-E76A-42F9-992B-C18E95A7DF21}.Release|x86.Build.0 = Release|Any CPU
	EndGlobalSection
	GlobalSection(NestedProjects) = preSolution
		{5A2AABF6-25E6-431A-9CDB-86C0B2947B66} = {A15FFA50-E9F2-11E9-B8DA-2BAC7888803B}
		{04974B70-9070-4E0B-8562-F0D1BC64DEAC} = {9E022950-E9F2-11E9-B8DA-2BAC7888803B}
		{83222257-B08E-44F4-9B91-3AE397D33DEB} = {9E022950-E9F2-11E9-B8DA-2BAC7888803B}
		{7C1CD142-7A18-4601-8631-6BC1E619B2C7} = {9E022950-E9F2-11E9-B8DA-2BAC7888803B}
		{AF4765A9-6D22-4D2C-B74F-1E45D2B0422C} = {A5A6F2D0-E9F2-11E9-B8DA-2BAC7888803B}
		{074B8777-11F3-4574-B22E-6ACCF25A8C76} = {A15FFA50-E9F2-11E9-B8DA-2BAC7888803B}
		{DB08A1C5-D8B5-4D1D-9F01-835019636BC6} = {A15FFA50-E9F2-11E9-B8DA-2BAC7888803B}
		{D24AE4B2-E76A-42F9-992B-C18E95A7DF21} = {9E022950-E9F2-11E9-B8DA-2BAC7888803B}
	EndGlobalSection
EndGlobal
